
Microsoft Visual Studio Solution File, Format Version 12.00
# Visual Studio Version 16
VisualStudioVersion = 16.0.31424.327
MinimumVisualStudioVersion = 10.0.40219.1
Project("{FAE04EC0-301F-11D3-BF4B-00C04F79EFBC}") = "DatabaseFirstEF", "DatabaseFirstEF\DatabaseFirstEF.csproj", "{C5873F9A-FF82-490E-BC94-D62A971D64C5}"
EndProject
Global
	GlobalSection(SolutionConfigurationPlatforms) = preSolution
		Debug|Any CPU = Debug|Any CPU
		Release|Any CPU = Release|Any CPU
	EndGlobalSection
	GlobalSection(ProjectConfigurationPlatforms) = postSolution
		{C5873F9A-FF82-490E-BC94-D62A971D64C5}.Debug|Any CPU.ActiveCfg = Debug|Any CPU
		{C5873F9A-FF82-490E-BC94-D62A971D64C5}.Debug|Any CPU.Build.0 = Debug|Any CPU
		{C5873F9A-FF82-490E-BC94-D62A971D64C5}.Release|Any CPU.ActiveCfg = Release|Any CPU
		{C5873F9A-FF82-490E-BC94-D62A971D64C5}.Release|Any CPU.Build.0 = Release|Any CPU
	EndGlobalSection
	GlobalSection(SolutionProperties) = preSolution
		HideSolutionNode = FALSE
	EndGlobalSection
	GlobalSection(ExtensibilityGlobals) = postSolution
		SolutionGuid = {574B93FC-3419-4DD0-B53F-DBFD55EE99A3}
	EndGlobalSection
EndGlobal
